
Microsoft Visual Studio Solution File, Format Version 12.00
# Visual Studio Version 17
VisualStudioVersion = 17.10.35122.118
MinimumVisualStudioVersion = 10.0.40219.1
Project("{9A19103F-16F7-4668-BE54-9A1E7A4F7556}") = "HTML_CSS_Lect1", "HTML_CSS_Lect1\HTML_CSS_Lect1.csproj", "{A5161BDA-4CED-42A9-B13B-CD5EB9161074}"
EndProject
Project("{9A19103F-16F7-4668-BE54-9A1E7A4F7556}") = "HTML_CSS_Lect2", "HTML_CSS_Lect2\HTML_CSS_Lect2.csproj", "{40144D35-24B8-4C67-888E-4CFEFE957289}"
EndProject
Project("{9A19103F-16F7-4668-BE54-9A1E7A4F7556}") = "HTML_CSS_Lect3", "HTML_CSS_Lect3\HTML_CSS_Lect3.csproj", "{7C436A1D-0DA9-459C-A66C-087F76427167}"
EndProject
Project("{9A19103F-16F7-4668-BE54-9A1E7A4F7556}") = "HTML_CSS_Lect4", "HTML_CSS_Lect4\HTML_CSS_Lect4.csproj", "{9F0E774B-E25A-4128-A330-5C3D84E0C7C1}"
EndProject
Project("{9A19103F-16F7-4668-BE54-9A1E7A4F7556}") = "HTML_CSS_Lect5", "HTML_CSS_Lect5\HTML_CSS_Lect5.csproj", "{80E47EF2-2774-43E6-A75F-CDA528DBF9B1}"
EndProject
Project("{9A19103F-16F7-4668-BE54-9A1E7A4F7556}") = "Assignment_2_House_for_Sale", "Assignment_2_House_for_Sale\Assignment_2_House_for_Sale.csproj", "{9C064E49-8C8D-414B-A0DC-BC99C05E772D}"
EndProject
Project("{9A19103F-16F7-4668-BE54-9A1E7A4F7556}") = "Javascrript_Lect1", "Javascrript_Lect1\Javascrript_Lect1.csproj", "{A6EF398C-4265-4A3C-9A1B-F589F63905F0}"
EndProject
Project("{9A19103F-16F7-4668-BE54-9A1E7A4F7556}") = "Javascrript_Lect2", "Javascrript_Lect2\Javascrript_Lect2.csproj", "{332911E2-8B8E-46ED-BE0E-90581B83EE92}"
EndProject
Project("{9A19103F-16F7-4668-BE54-9A1E7A4F7556}") = "Javascrript_Lect3", "Javascrript_Lect3\Javascrript_Lect3.csproj", "{91F40B1D-097A-4EA8-82C3-F7DDA90FF48F}"
EndProject
Project("{FAE04EC0-301F-11D3-BF4B-00C04F79EFBC}") = "JQuery_Lect4", "JQuery_Lect4\JQuery_Lect4.csproj", "{C2D2E94A-EA4B-4DCD-8D97-F6E66129C446}"
EndProject
Global
	GlobalSection(SolutionConfigurationPlatforms) = preSolution
		Debug|Any CPU = Debug|Any CPU
		Release|Any CPU = Release|Any CPU
	EndGlobalSection
	GlobalSection(ProjectConfigurationPlatforms) = postSolution
		{A5161BDA-4CED-42A9-B13B-CD5EB9161074}.Debug|Any CPU.ActiveCfg = Debug|Any CPU
		{A5161BDA-4CED-42A9-B13B-CD5EB9161074}.Debug|Any CPU.Build.0 = Debug|Any CPU
		{A5161BDA-4CED-42A9-B13B-CD5EB9161074}.Release|Any CPU.ActiveCfg = Release|Any CPU
		{A5161BDA-4CED-42A9-B13B-CD5EB9161074}.Release|Any CPU.Build.0 = Release|Any CPU
		{40144D35-24B8-4C67-888E-4CFEFE957289}.Debug|Any CPU.ActiveCfg = Debug|Any CPU
		{40144D35-24B8-4C67-888E-4CFEFE957289}.Debug|Any CPU.Build.0 = Debug|Any CPU
		{40144D35-24B8-4C67-888E-4CFEFE957289}.Release|Any CPU.ActiveCfg = Release|Any CPU
		{40144D35-24B8-4C67-888E-4CFEFE957289}.Release|Any CPU.Build.0 = Release|Any CPU
		{7C436A1D-0DA9-459C-A66C-087F76427167}.Debug|Any CPU.ActiveCfg = Debug|Any CPU
		{7C436A1D-0DA9-459C-A66C-087F76427167}.Debug|Any CPU.Build.0 = Debug|Any CPU
		{7C436A1D-0DA9-459C-A66C-087F76427167}.Release|Any CPU.ActiveCfg = Release|Any CPU
		{7C436A1D-0DA9-459C-A66C-087F76427167}.Release|Any CPU.Build.0 = Release|Any CPU
		{9F0E774B-E25A-4128-A330-5C3D84E0C7C1}.Debug|Any CPU.ActiveCfg = Debug|Any CPU
		{9F0E774B-E25A-4128-A330-5C3D84E0C7C1}.Debug|Any CPU.Build.0 = Debug|Any CPU
		{9F0E774B-E25A-4128-A330-5C3D84E0C7C1}.Release|Any CPU.ActiveCfg = Release|Any CPU
		{9F0E774B-E25A-4128-A330-5C3D84E0C7C1}.Release|Any CPU.Build.0 = Release|Any CPU
		{80E47EF2-2774-43E6-A75F-CDA528DBF9B1}.Debug|Any CPU.ActiveCfg = Debug|Any CPU
		{80E47EF2-2774-43E6-A75F-CDA528DBF9B1}.Debug|Any CPU.Build.0 = Debug|Any CPU
		{80E47EF2-2774-43E6-A75F-CDA528DBF9B1}.Release|Any CPU.ActiveCfg = Release|Any CPU
		{80E47EF2-2774-43E6-A75F-CDA528DBF9B1}.Release|Any CPU.Build.0 = Release|Any CPU
		{9C064E49-8C8D-414B-A0DC-BC99C05E772D}.Debug|Any CPU.ActiveCfg = Debug|Any CPU
		{9C064E49-8C8D-414B-A0DC-BC99C05E772D}.Debug|Any CPU.Build.0 = Debug|Any CPU
		{9C064E49-8C8D-414B-A0DC-BC99C05E772D}.Release|Any CPU.ActiveCfg = Release|Any CPU
		{9C064E49-8C8D-414B-A0DC-BC99C05E772D}.Release|Any CPU.Build.0 = Release|Any CPU
		{A6EF398C-4265-4A3C-9A1B-F589F63905F0}.Debug|Any CPU.ActiveCfg = Debug|Any CPU
		{A6EF398C-4265-4A3C-9A1B-F589F63905F0}.Debug|Any CPU.Build.0 = Debug|Any CPU
		{A6EF398C-4265-4A3C-9A1B-F589F63905F0}.Release|Any CPU.ActiveCfg = Release|Any CPU
		{A6EF398C-4265-4A3C-9A1B-F589F63905F0}.Release|Any CPU.Build.0 = Release|Any CPU
		{332911E2-8B8E-46ED-BE0E-90581B83EE92}.Debug|Any CPU.ActiveCfg = Debug|Any CPU
		{332911E2-8B8E-46ED-BE0E-90581B83EE92}.Debug|Any CPU.Build.0 = Debug|Any CPU
		{332911E2-8B8E-46ED-BE0E-90581B83EE92}.Release|Any CPU.ActiveCfg = Release|Any CPU
		{332911E2-8B8E-46ED-BE0E-90581B83EE92}.Release|Any CPU.Build.0 = Release|Any CPU
		{91F40B1D-097A-4EA8-82C3-F7DDA90FF48F}.Debug|Any CPU.ActiveCfg = Debug|Any CPU
		{91F40B1D-097A-4EA8-82C3-F7DDA90FF48F}.Debug|Any CPU.Build.0 = Debug|Any CPU
		{91F40B1D-097A-4EA8-82C3-F7DDA90FF48F}.Release|Any CPU.ActiveCfg = Release|Any CPU
		{91F40B1D-097A-4EA8-82C3-F7DDA90FF48F}.Release|Any CPU.Build.0 = Release|Any CPU
		{C2D2E94A-EA4B-4DCD-8D97-F6E66129C446}.Debug|Any CPU.ActiveCfg = Debug|Any CPU
		{C2D2E94A-EA4B-4DCD-8D97-F6E66129C446}.Debug|Any CPU.Build.0 = Debug|Any CPU
		{C2D2E94A-EA4B-4DCD-8D97-F6E66129C446}.Release|Any CPU.ActiveCfg = Release|Any CPU
		{C2D2E94A-EA4B-4DCD-8D97-F6E66129C446}.Release|Any CPU.Build.0 = Release|Any CPU
	EndGlobalSection
	GlobalSection(SolutionProperties) = preSolution
		HideSolutionNode = FALSE
	EndGlobalSection
	GlobalSection(ExtensibilityGlobals) = postSolution
		SolutionGuid = {DFB6D109-EAF6-4BB7-B7BF-EA743FC4BD2F}
	EndGlobalSection
EndGlobal
