
Microsoft Visual Studio Solution File, Format Version 12.00
# Visual Studio Version 17
VisualStudioVersion = 17.10.35122.118
MinimumVisualStudioVersion = 10.0.40219.1
Project("{9A19103F-16F7-4668-BE54-9A1E7A4F7556}") = "HTML_CSS_Lect1", "HTML_CSS_Lect1\HTML_CSS_Lect1.csproj", "{A5161BDA-4CED-42A9-B13B-CD5EB9161074}"
EndProject
Project("{9A19103F-16F7-4668-BE54-9A1E7A4F7556}") = "HTML_CSS_Lect2", "HTML_CSS_Lect2\HTML_CSS_Lect2.csproj", "{40144D35-24B8-4C67-888E-4CFEFE957289}"
EndProject
Project("{9A19103F-16F7-4668-BE54-9A1E7A4F7556}") = "HTML_CSS_Lect3", "HTML_CSS_Lect3\HTML_CSS_Lect3.csproj", "{7C436A1D-0DA9-459C-A66C-087F76427167}"
EndProject
Project("{9A19103F-16F7-4668-BE54-9A1E7A4F7556}") = "HTML_CSS_Lect4", "HTML_CSS_Lect4\HTML_CSS_Lect4.csproj", "{9F0E774B-E25A-4128-A330-5C3D84E0C7C1}"
EndProject
Project("{9A19103F-16F7-4668-BE54-9A1E7A4F7556}") = "HTML_CSS_Lect5", "HTML_CSS_Lect5\HTML_CSS_Lect5.csproj", "{80E47EF2-2774-43E6-A75F-CDA528DBF9B1}"
EndProject
Project("{9A19103F-16F7-4668-BE54-9A1E7A4F7556}") = "Assignment_2_House_for_Sale", "Assignment_2_House_for_Sale\Assignment_2_House_for_Sale.csproj", "{9C064E49-8C8D-414B-A0DC-BC99C05E772D}"
EndProject
Project("{9A19103F-16F7-4668-BE54-9A1E7A4F7556}") = "Javascrript_Lect1", "Javascrript_Lect1\Javascrript_Lect1.csproj", "{A6EF398C-4265-4A3C-9A1B-F589F63905F0}"
EndProject
Project("{9A19103F-16F7-4668-BE54-9A1E7A4F7556}") = "Javascrript_Lect2", "Javascrript_Lect2\Javascrript_Lect2.csproj", "{332911E2-8B8E-46ED-BE0E-90581B83EE92}"
EndProject
Project("{9A19103F-16F7-4668-BE54-9A1E7A4F7556}") = "Javascrript_Lect3", "Javascrript_Lect3\Javascrript_Lect3.csproj", "{91F40B1D-097A-4EA8-82C3-F7DDA90FF48F}"
EndProject
Project("{9A19103F-16F7-4668-BE54-9A1E7A4F7556}") = "JQuery_Lect4", "JQuery_Lect4\JQuery_Lect4.csproj", "{C2D2E94A-EA4B-4DCD-8D97-F6E66129C446}"
EndProject
Project("{9A19103F-16F7-4668-BE54-9A1E7A4F7556}") = "JQuery_Lect5", "JQuery_Lect5\JQuery_Lect5.csproj", "{BDABED2B-1131-4A36-BBF4-45B3AB2EC440}"
EndProject
Project("{9A19103F-16F7-4668-BE54-9A1E7A4F7556}") = "Bootstrap_Lect1", "Bootstrap_Lect1\Bootstrap_Lect1.csproj", "{922C9E9E-2B2F-440B-A454-9058F91B41A6}"
EndProject
Project("{9A19103F-16F7-4668-BE54-9A1E7A4F7556}") = "Bootstrap_Lect2", "Bootstrap_Lect2\Bootstrap_Lect2.csproj", "{6CED2826-1173-48A0-9A3E-A8DDDBD3F8EE}"
EndProject
Project("{FAE04EC0-301F-11D3-BF4B-00C04F79EFBC}") = "Bootstrap_Lect3", "Bootstrap_Lect3\Bootstrap_Lect3.csproj", "{15F92560-0696-4EFA-90D6-258B27C11E39}"
EndProject
Project("{FAE04EC0-301F-11D3-BF4B-00C04F79EFBC}") = "Bootstrap_Lect4", "Bootstrap_Lect4\Bootstrap_Lect4.csproj", "{D911141E-A701-4E00-A8F2-80751D9F43AE}"
EndProject
Project("{FAE04EC0-301F-11D3-BF4B-00C04F79EFBC}") = "Bootstrap_Lect5", "Bootstrap_Lect5\Bootstrap_Lect5.csproj", "{A6929B78-366B-4DDF-847B-01EF55C215D5}"
EndProject
Project("{FAE04EC0-301F-11D3-BF4B-00C04F79EFBC}") = "C_Sharp_Lect1", "C_Sharp_Lect1\C_Sharp_Lect1.csproj", "{80B880F2-41B3-4FAE-BFDD-7A774ECF5716}"
EndProject
Project("{FAE04EC0-301F-11D3-BF4B-00C04F79EFBC}") = "C_Sharp_Lect1_Web", "C_Sharp_Lect1_Web\C_Sharp_Lect1_Web.csproj", "{1BC59A0A-80F9-41B9-85BB-4CA3674B4225}"
EndProject
Project("{FAE04EC0-301F-11D3-BF4B-00C04F79EFBC}") = "C_Sharp_Lect2_Web", "C_Sharp_Lect2_Web\C_Sharp_Lect2_Web.csproj", "{C0F1095B-CE7F-4E49-B55C-8F5668BD0BB1}"
EndProject
Project("{FAE04EC0-301F-11D3-BF4B-00C04F79EFBC}") = "C_Sharp_Lect2", "C_Sharp_Lect2\C_Sharp_Lect2.csproj", "{09F7294F-15C7-47DE-A9CC-B37882C80BBC}"
EndProject
Global
	GlobalSection(SolutionConfigurationPlatforms) = preSolution
		Debug|Any CPU = Debug|Any CPU
		Release|Any CPU = Release|Any CPU
	EndGlobalSection
	GlobalSection(ProjectConfigurationPlatforms) = postSolution
		{A5161BDA-4CED-42A9-B13B-CD5EB9161074}.Debug|Any CPU.ActiveCfg = Debug|Any CPU
		{A5161BDA-4CED-42A9-B13B-CD5EB9161074}.Debug|Any CPU.Build.0 = Debug|Any CPU
		{A5161BDA-4CED-42A9-B13B-CD5EB9161074}.Release|Any CPU.ActiveCfg = Release|Any CPU
		{A5161BDA-4CED-42A9-B13B-CD5EB9161074}.Release|Any CPU.Build.0 = Release|Any CPU
		{40144D35-24B8-4C67-888E-4CFEFE957289}.Debug|Any CPU.ActiveCfg = Debug|Any CPU
		{40144D35-24B8-4C67-888E-4CFEFE957289}.Debug|Any CPU.Build.0 = Debug|Any CPU
		{40144D35-24B8-4C67-888E-4CFEFE957289}.Release|Any CPU.ActiveCfg = Release|Any CPU
		{40144D35-24B8-4C67-888E-4CFEFE957289}.Release|Any CPU.Build.0 = Release|Any CPU
		{7C436A1D-0DA9-459C-A66C-087F76427167}.Debug|Any CPU.ActiveCfg = Debug|Any CPU
		{7C436A1D-0DA9-459C-A66C-087F76427167}.Debug|Any CPU.Build.0 = Debug|Any CPU
		{7C436A1D-0DA9-459C-A66C-087F76427167}.Release|Any CPU.ActiveCfg = Release|Any CPU
		{7C436A1D-0DA9-459C-A66C-087F76427167}.Release|Any CPU.Build.0 = Release|Any CPU
		{9F0E774B-E25A-4128-A330-5C3D84E0C7C1}.Debug|Any CPU.ActiveCfg = Debug|Any CPU
		{9F0E774B-E25A-4128-A330-5C3D84E0C7C1}.Debug|Any CPU.Build.0 = Debug|Any CPU
		{9F0E774B-E25A-4128-A330-5C3D84E0C7C1}.Release|Any CPU.ActiveCfg = Release|Any CPU
		{9F0E774B-E25A-4128-A330-5C3D84E0C7C1}.Release|Any CPU.Build.0 = Release|Any CPU
		{80E47EF2-2774-43E6-A75F-CDA528DBF9B1}.Debug|Any CPU.ActiveCfg = Debug|Any CPU
		{80E47EF2-2774-43E6-A75F-CDA528DBF9B1}.Debug|Any CPU.Build.0 = Debug|Any CPU
		{80E47EF2-2774-43E6-A75F-CDA528DBF9B1}.Release|Any CPU.ActiveCfg = Release|Any CPU
		{80E47EF2-2774-43E6-A75F-CDA528DBF9B1}.Release|Any CPU.Build.0 = Release|Any CPU
		{9C064E49-8C8D-414B-A0DC-BC99C05E772D}.Debug|Any CPU.ActiveCfg = Debug|Any CPU
		{9C064E49-8C8D-414B-A0DC-BC99C05E772D}.Debug|Any CPU.Build.0 = Debug|Any CPU
		{9C064E49-8C8D-414B-A0DC-BC99C05E772D}.Release|Any CPU.ActiveCfg = Release|Any CPU
		{9C064E49-8C8D-414B-A0DC-BC99C05E772D}.Release|Any CPU.Build.0 = Release|Any CPU
		{A6EF398C-4265-4A3C-9A1B-F589F63905F0}.Debug|Any CPU.ActiveCfg = Debug|Any CPU
		{A6EF398C-4265-4A3C-9A1B-F589F63905F0}.Debug|Any CPU.Build.0 = Debug|Any CPU
		{A6EF398C-4265-4A3C-9A1B-F589F63905F0}.Release|Any CPU.ActiveCfg = Release|Any CPU
		{A6EF398C-4265-4A3C-9A1B-F589F63905F0}.Release|Any CPU.Build.0 = Release|Any CPU
		{332911E2-8B8E-46ED-BE0E-90581B83EE92}.Debug|Any CPU.ActiveCfg = Debug|Any CPU
		{332911E2-8B8E-46ED-BE0E-90581B83EE92}.Debug|Any CPU.Build.0 = Debug|Any CPU
		{332911E2-8B8E-46ED-BE0E-90581B83EE92}.Release|Any CPU.ActiveCfg = Release|Any CPU
		{332911E2-8B8E-46ED-BE0E-90581B83EE92}.Release|Any CPU.Build.0 = Release|Any CPU
		{91F40B1D-097A-4EA8-82C3-F7DDA90FF48F}.Debug|Any CPU.ActiveCfg = Debug|Any CPU
		{91F40B1D-097A-4EA8-82C3-F7DDA90FF48F}.Debug|Any CPU.Build.0 = Debug|Any CPU
		{91F40B1D-097A-4EA8-82C3-F7DDA90FF48F}.Release|Any CPU.ActiveCfg = Release|Any CPU
		{91F40B1D-097A-4EA8-82C3-F7DDA90FF48F}.Release|Any CPU.Build.0 = Release|Any CPU
		{C2D2E94A-EA4B-4DCD-8D97-F6E66129C446}.Debug|Any CPU.ActiveCfg = Debug|Any CPU
		{C2D2E94A-EA4B-4DCD-8D97-F6E66129C446}.Debug|Any CPU.Build.0 = Debug|Any CPU
		{C2D2E94A-EA4B-4DCD-8D97-F6E66129C446}.Release|Any CPU.ActiveCfg = Release|Any CPU
		{C2D2E94A-EA4B-4DCD-8D97-F6E66129C446}.Release|Any CPU.Build.0 = Release|Any CPU
		{BDABED2B-1131-4A36-BBF4-45B3AB2EC440}.Debug|Any CPU.ActiveCfg = Debug|Any CPU
		{BDABED2B-1131-4A36-BBF4-45B3AB2EC440}.Debug|Any CPU.Build.0 = Debug|Any CPU
		{BDABED2B-1131-4A36-BBF4-45B3AB2EC440}.Release|Any CPU.ActiveCfg = Release|Any CPU
		{BDABED2B-1131-4A36-BBF4-45B3AB2EC440}.Release|Any CPU.Build.0 = Release|Any CPU
		{922C9E9E-2B2F-440B-A454-9058F91B41A6}.Debug|Any CPU.ActiveCfg = Debug|Any CPU
		{922C9E9E-2B2F-440B-A454-9058F91B41A6}.Debug|Any CPU.Build.0 = Debug|Any CPU
		{922C9E9E-2B2F-440B-A454-9058F91B41A6}.Release|Any CPU.ActiveCfg = Release|Any CPU
		{922C9E9E-2B2F-440B-A454-9058F91B41A6}.Release|Any CPU.Build.0 = Release|Any CPU
		{6CED2826-1173-48A0-9A3E-A8DDDBD3F8EE}.Debug|Any CPU.ActiveCfg = Debug|Any CPU
		{6CED2826-1173-48A0-9A3E-A8DDDBD3F8EE}.Debug|Any CPU.Build.0 = Debug|Any CPU
		{6CED2826-1173-48A0-9A3E-A8DDDBD3F8EE}.Release|Any CPU.ActiveCfg = Release|Any CPU
		{6CED2826-1173-48A0-9A3E-A8DDDBD3F8EE}.Release|Any CPU.Build.0 = Release|Any CPU
		{15F92560-0696-4EFA-90D6-258B27C11E39}.Debug|Any CPU.ActiveCfg = Debug|Any CPU
		{15F92560-0696-4EFA-90D6-258B27C11E39}.Debug|Any CPU.Build.0 = Debug|Any CPU
		{15F92560-0696-4EFA-90D6-258B27C11E39}.Release|Any CPU.ActiveCfg = Release|Any CPU
		{15F92560-0696-4EFA-90D6-258B27C11E39}.Release|Any CPU.Build.0 = Release|Any CPU
		{D911141E-A701-4E00-A8F2-80751D9F43AE}.Debug|Any CPU.ActiveCfg = Debug|Any CPU
		{D911141E-A701-4E00-A8F2-80751D9F43AE}.Debug|Any CPU.Build.0 = Debug|Any CPU
		{D911141E-A701-4E00-A8F2-80751D9F43AE}.Release|Any CPU.ActiveCfg = Release|Any CPU
		{D911141E-A701-4E00-A8F2-80751D9F43AE}.Release|Any CPU.Build.0 = Release|Any CPU
		{A6929B78-366B-4DDF-847B-01EF55C215D5}.Debug|Any CPU.ActiveCfg = Debug|Any CPU
		{A6929B78-366B-4DDF-847B-01EF55C215D5}.Debug|Any CPU.Build.0 = Debug|Any CPU
		{A6929B78-366B-4DDF-847B-01EF55C215D5}.Release|Any CPU.ActiveCfg = Release|Any CPU
		{A6929B78-366B-4DDF-847B-01EF55C215D5}.Release|Any CPU.Build.0 = Release|Any CPU
		{80B880F2-41B3-4FAE-BFDD-7A774ECF5716}.Debug|Any CPU.ActiveCfg = Debug|Any CPU
		{80B880F2-41B3-4FAE-BFDD-7A774ECF5716}.Debug|Any CPU.Build.0 = Debug|Any CPU
		{80B880F2-41B3-4FAE-BFDD-7A774ECF5716}.Release|Any CPU.ActiveCfg = Release|Any CPU
		{80B880F2-41B3-4FAE-BFDD-7A774ECF5716}.Release|Any CPU.Build.0 = Release|Any CPU
		{1BC59A0A-80F9-41B9-85BB-4CA3674B4225}.Debug|Any CPU.ActiveCfg = Debug|Any CPU
		{1BC59A0A-80F9-41B9-85BB-4CA3674B4225}.Debug|Any CPU.Build.0 = Debug|Any CPU
		{1BC59A0A-80F9-41B9-85BB-4CA3674B4225}.Release|Any CPU.ActiveCfg = Release|Any CPU
		{1BC59A0A-80F9-41B9-85BB-4CA3674B4225}.Release|Any CPU.Build.0 = Release|Any CPU
		{C0F1095B-CE7F-4E49-B55C-8F5668BD0BB1}.Debug|Any CPU.ActiveCfg = Debug|Any CPU
		{C0F1095B-CE7F-4E49-B55C-8F5668BD0BB1}.Debug|Any CPU.Build.0 = Debug|Any CPU
		{C0F1095B-CE7F-4E49-B55C-8F5668BD0BB1}.Release|Any CPU.ActiveCfg = Release|Any CPU
		{C0F1095B-CE7F-4E49-B55C-8F5668BD0BB1}.Release|Any CPU.Build.0 = Release|Any CPU
		{09F7294F-15C7-47DE-A9CC-B37882C80BBC}.Debug|Any CPU.ActiveCfg = Debug|Any CPU
		{09F7294F-15C7-47DE-A9CC-B37882C80BBC}.Debug|Any CPU.Build.0 = Debug|Any CPU
		{09F7294F-15C7-47DE-A9CC-B37882C80BBC}.Release|Any CPU.ActiveCfg = Release|Any CPU
		{09F7294F-15C7-47DE-A9CC-B37882C80BBC}.Release|Any CPU.Build.0 = Release|Any CPU
	EndGlobalSection
	GlobalSection(SolutionProperties) = preSolution
		HideSolutionNode = FALSE
	EndGlobalSection
	GlobalSection(ExtensibilityGlobals) = postSolution
		SolutionGuid = {DFB6D109-EAF6-4BB7-B7BF-EA743FC4BD2F}
	EndGlobalSection
EndGlobal
